
Microsoft Visual Studio Solution File, Format Version 12.00
# Visual Studio 2012
Project("{FAE04EC0-301F-11D3-BF4B-00C04F79EFBC}") = "Unum.Ireland.Coffee.Services", "Unum.Ireland.Coffee.Services\Unum.Ireland.Coffee.Services.csproj", "{E1860836-177B-4FEE-AFFF-470325EFC76F}"
EndProject
Project("{FAE04EC0-301F-11D3-BF4B-00C04F79EFBC}") = "Unum.Ireland.Coffee.Admin", "Unum.Ireland.Coffee.UI\Unum.Ireland.Coffee.Admin.csproj", "{F1EB4C2A-707C-4841-A0AF-075764497DBA}"
	ProjectSection(ProjectDependencies) = postProject
		{E1860836-177B-4FEE-AFFF-470325EFC76F} = {E1860836-177B-4FEE-AFFF-470325EFC76F}
	EndProjectSection
EndProject
Project("{FAE04EC0-301F-11D3-BF4B-00C04F79EFBC}") = "Unum.Ireland.Coffee", "Unum.Ireland.Coffee\Unum.Ireland.Coffee.csproj", "{F8C69B44-C121-4EEA-8B6C-B1F06FF99542}"
EndProject
Global
	GlobalSection(SolutionConfigurationPlatforms) = preSolution
		Debug|Any CPU = Debug|Any CPU
		Release|Any CPU = Release|Any CPU
	EndGlobalSection
	GlobalSection(ProjectConfigurationPlatforms) = postSolution
		{E1860836-177B-4FEE-AFFF-470325EFC76F}.Debug|Any CPU.ActiveCfg = Debug|Any CPU
		{E1860836-177B-4FEE-AFFF-470325EFC76F}.Debug|Any CPU.Build.0 = Debug|Any CPU
		{E1860836-177B-4FEE-AFFF-470325EFC76F}.Release|Any CPU.ActiveCfg = Release|Any CPU
		{E1860836-177B-4FEE-AFFF-470325EFC76F}.Release|Any CPU.Build.0 = Release|Any CPU
		{F1EB4C2A-707C-4841-A0AF-075764497DBA}.Debug|Any CPU.ActiveCfg = Debug|Any CPU
		{F1EB4C2A-707C-4841-A0AF-075764497DBA}.Debug|Any CPU.Build.0 = Debug|Any CPU
		{F1EB4C2A-707C-4841-A0AF-075764497DBA}.Release|Any CPU.ActiveCfg = Release|Any CPU
		{F1EB4C2A-707C-4841-A0AF-075764497DBA}.Release|Any CPU.Build.0 = Release|Any CPU
		{F8C69B44-C121-4EEA-8B6C-B1F06FF99542}.Debug|Any CPU.ActiveCfg = Debug|Any CPU
		{F8C69B44-C121-4EEA-8B6C-B1F06FF99542}.Debug|Any CPU.Build.0 = Debug|Any CPU
		{F8C69B44-C121-4EEA-8B6C-B1F06FF99542}.Release|Any CPU.ActiveCfg = Release|Any CPU
		{F8C69B44-C121-4EEA-8B6C-B1F06FF99542}.Release|Any CPU.Build.0 = Release|Any CPU
	EndGlobalSection
	GlobalSection(SolutionProperties) = preSolution
		HideSolutionNode = FALSE
	EndGlobalSection
EndGlobal
