
Microsoft Visual Studio Solution File, Format Version 12.00
# Visual Studio 2012
Project("{8BC9CEB8-8B4A-11D0-8D11-00A0C91BC942}") = "CoffeeAdminV2_old", "CoffeeAdminV2_old.vcxproj", "{22FA06C8-F0FB-4EFB-A9CF-46BF39B936D6}"
EndProject
Global
	GlobalSection(SolutionConfigurationPlatforms) = preSolution
		Debug|Win32 = Debug|Win32
		Release|Win32 = Release|Win32
	EndGlobalSection
	GlobalSection(ProjectConfigurationPlatforms) = postSolution
		{22FA06C8-F0FB-4EFB-A9CF-46BF39B936D6}.Debug|Win32.ActiveCfg = Debug|Win32
		{22FA06C8-F0FB-4EFB-A9CF-46BF39B936D6}.Debug|Win32.Build.0 = Debug|Win32
		{22FA06C8-F0FB-4EFB-A9CF-46BF39B936D6}.Release|Win32.ActiveCfg = Release|Win32
		{22FA06C8-F0FB-4EFB-A9CF-46BF39B936D6}.Release|Win32.Build.0 = Release|Win32
	EndGlobalSection
	GlobalSection(SolutionProperties) = preSolution
		HideSolutionNode = FALSE
	EndGlobalSection
EndGlobal
